
Microsoft Visual Studio Solution File, Format Version 12.00
# Visual Studio Version 16
VisualStudioVersion = 16.0.30204.135
MinimumVisualStudioVersion = 10.0.40219.1
Project("{2150E333-8FDC-42A3-9474-1A3956D46DE8}") = "Microservices", "Microservices", "{315AE8A4-FA9A-4755-A720-ED1C060CF057}"
EndProject
Project("{2150E333-8FDC-42A3-9474-1A3956D46DE8}") = "Domain", "Domain", "{AF8C53F2-B8B4-4B83-9679-0D5198E9A7F4}"
EndProject
Project("{2150E333-8FDC-42A3-9474-1A3956D46DE8}") = "Infra.Bus", "Infra.Bus", "{4ACE7DA1-AB86-4B9D-AA0E-3F6767009D15}"
EndProject
Project("{2150E333-8FDC-42A3-9474-1A3956D46DE8}") = "Infra.IoC", "Infra.IoC", "{0D7EC05A-75A0-4E28-BC27-915C40FA6325}"
EndProject
Project("{2150E333-8FDC-42A3-9474-1A3956D46DE8}") = "Presentation", "Presentation", "{6D359762-5F00-4349-B7EB-423496095B8B}"
EndProject
Project("{FAE04EC0-301F-11D3-BF4B-00C04F79EFBC}") = "MicroRabbit.Domain.Core", "MicroRabbit.Domain.Core\MicroRabbit.Domain.Core.csproj", "{673E002C-E3AC-49C5-9D09-2F0BFE762CC3}"
EndProject
Global
	GlobalSection(SolutionConfigurationPlatforms) = preSolution
		Debug|Any CPU = Debug|Any CPU
		Release|Any CPU = Release|Any CPU
	EndGlobalSection
	GlobalSection(ProjectConfigurationPlatforms) = postSolution
		{673E002C-E3AC-49C5-9D09-2F0BFE762CC3}.Debug|Any CPU.ActiveCfg = Debug|Any CPU
		{673E002C-E3AC-49C5-9D09-2F0BFE762CC3}.Debug|Any CPU.Build.0 = Debug|Any CPU
		{673E002C-E3AC-49C5-9D09-2F0BFE762CC3}.Release|Any CPU.ActiveCfg = Release|Any CPU
		{673E002C-E3AC-49C5-9D09-2F0BFE762CC3}.Release|Any CPU.Build.0 = Release|Any CPU
	EndGlobalSection
	GlobalSection(SolutionProperties) = preSolution
		HideSolutionNode = FALSE
	EndGlobalSection
	GlobalSection(NestedProjects) = preSolution
		{673E002C-E3AC-49C5-9D09-2F0BFE762CC3} = {AF8C53F2-B8B4-4B83-9679-0D5198E9A7F4}
	EndGlobalSection
	GlobalSection(ExtensibilityGlobals) = postSolution
		SolutionGuid = {BDF98DD7-AF38-4C55-BB31-6A0CFEBF6738}
	EndGlobalSection
EndGlobal
