
Microsoft Visual Studio Solution File, Format Version 12.00
# Visual Studio Version 16
VisualStudioVersion = 16.0.30204.135
MinimumVisualStudioVersion = 10.0.40219.1
Project("{2150E333-8FDC-42A3-9474-1A3956D46DE8}") = "Microservices", "Microservices", "{315AE8A4-FA9A-4755-A720-ED1C060CF057}"
EndProject
Project("{2150E333-8FDC-42A3-9474-1A3956D46DE8}") = "Domain", "Domain", "{AF8C53F2-B8B4-4B83-9679-0D5198E9A7F4}"
EndProject
Project("{2150E333-8FDC-42A3-9474-1A3956D46DE8}") = "Infra.Bus", "Infra.Bus", "{4ACE7DA1-AB86-4B9D-AA0E-3F6767009D15}"
EndProject
Project("{2150E333-8FDC-42A3-9474-1A3956D46DE8}") = "Infra.IoC", "Infra.IoC", "{0D7EC05A-75A0-4E28-BC27-915C40FA6325}"
EndProject
Project("{2150E333-8FDC-42A3-9474-1A3956D46DE8}") = "Presentation", "Presentation", "{6D359762-5F00-4349-B7EB-423496095B8B}"
EndProject
Project("{9A19103F-16F7-4668-BE54-9A1E7A4F7556}") = "MicroRabbit.Domain.Core", "MicroRabbit.Domain.Core\MicroRabbit.Domain.Core.csproj", "{673E002C-E3AC-49C5-9D09-2F0BFE762CC3}"
EndProject
Project("{9A19103F-16F7-4668-BE54-9A1E7A4F7556}") = "MicroRabbit.Infra.Bus", "MicroRabbit.Infra.Bus\MicroRabbit.Infra.Bus.csproj", "{5EFF6060-5EAC-4F95-A354-E8FE180F3255}"
EndProject
Project("{9A19103F-16F7-4668-BE54-9A1E7A4F7556}") = "MicroRabbit.Infra.IoC", "MicroRabbit.Infra.IoC\MicroRabbit.Infra.IoC.csproj", "{DF74F535-8D38-45F6-BCCC-98955D07F3DD}"
EndProject
Project("{2150E333-8FDC-42A3-9474-1A3956D46DE8}") = "Banking", "Banking", "{EB0FBBD8-E2C4-48F6-8BFD-3164021F85D8}"
EndProject
Project("{2150E333-8FDC-42A3-9474-1A3956D46DE8}") = "Api", "Api", "{E1D94151-4AF9-4643-9E0B-062CBD678BC0}"
EndProject
Project("{2150E333-8FDC-42A3-9474-1A3956D46DE8}") = "Application", "Application", "{18EB4065-8F45-4F73-848E-C69040384B9B}"
EndProject
Project("{2150E333-8FDC-42A3-9474-1A3956D46DE8}") = "Domain", "Domain", "{258C524E-E4BC-4330-BD80-DF25D417715C}"
EndProject
Project("{2150E333-8FDC-42A3-9474-1A3956D46DE8}") = "Data", "Data", "{60D3B85E-1305-4F25-8BAC-226EEE339306}"
EndProject
Project("{9A19103F-16F7-4668-BE54-9A1E7A4F7556}") = "MicroRabbit.Banking.Api", "MicroRabbit.Banking.Api\MicroRabbit.Banking.Api.csproj", "{B73CF06A-86DE-4A2F-ABFE-DC3F9F5A95D5}"
EndProject
Project("{9A19103F-16F7-4668-BE54-9A1E7A4F7556}") = "MicroRabbit.Banking.Application", "MicroRabbit.Banking.Application\MicroRabbit.Banking.Application.csproj", "{6F80BA24-06F8-4738-A9C4-B1E3C85A40CC}"
EndProject
Project("{9A19103F-16F7-4668-BE54-9A1E7A4F7556}") = "MicroRabbit.Banking.Data", "MicroRabbit.Banking.Data\MicroRabbit.Banking.Data.csproj", "{1436844C-8E6D-413C-9868-A420E94BD868}"
EndProject
Project("{9A19103F-16F7-4668-BE54-9A1E7A4F7556}") = "MicroRabbit.Banking.Domain", "MicroRabbit.Banking.Domain\MicroRabbit.Banking.Domain.csproj", "{AE1F05CA-78CB-40B7-B964-A8BD4342E707}"
EndProject
Project("{2150E333-8FDC-42A3-9474-1A3956D46DE8}") = "Transfer", "Transfer", "{43574544-3EBD-4E45-810F-C9B2DC145B54}"
EndProject
Project("{2150E333-8FDC-42A3-9474-1A3956D46DE8}") = "Api", "Api", "{7530C369-2786-4AE7-9343-23AB960E1C8A}"
EndProject
Project("{2150E333-8FDC-42A3-9474-1A3956D46DE8}") = "Application", "Application", "{561C0CAD-AA5A-46EC-88C7-AAE67A0F9E01}"
EndProject
Project("{2150E333-8FDC-42A3-9474-1A3956D46DE8}") = "Data", "Data", "{B6B33236-3603-4D1F-BCDF-97C3BC403DF1}"
EndProject
Project("{2150E333-8FDC-42A3-9474-1A3956D46DE8}") = "Domain", "Domain", "{D2492633-F769-463F-8C34-4BF736F8696C}"
EndProject
Project("{9A19103F-16F7-4668-BE54-9A1E7A4F7556}") = "MicroRabbit.Transfer.Api", "MicroRabbit.Transfer.Api\MicroRabbit.Transfer.Api.csproj", "{D2DA29D4-AC8A-4D21-BAC5-0AB95891501C}"
EndProject
Project("{9A19103F-16F7-4668-BE54-9A1E7A4F7556}") = "MicroRabbit.Transfer.Application", "MicroRabbit.Transfer.Application\MicroRabbit.Transfer.Application.csproj", "{D6D744F3-1D26-490E-A070-63C76815486B}"
EndProject
Project("{9A19103F-16F7-4668-BE54-9A1E7A4F7556}") = "MicroRabbit.Transfer.Domain", "MicroRabbit.Transfer.Domain\MicroRabbit.Transfer.Domain.csproj", "{07D00A79-2ECA-40DE-BEF4-C65E34D5651F}"
EndProject
Project("{9A19103F-16F7-4668-BE54-9A1E7A4F7556}") = "MicroRabbit.Transfer.Data", "MicroRabbit.Transfer.Data\MicroRabbit.Transfer.Data.csproj", "{06920051-3B65-4976-B32F-498050A0D42D}"
EndProject
Project("{FAE04EC0-301F-11D3-BF4B-00C04F79EFBC}") = "MicroRabbit.Mvc", "MicroRabbit.Mvc\MicroRabbit.Mvc.csproj", "{35275836-4631-4703-A6B8-469855AD8D8F}"
EndProject
Project("{2150E333-8FDC-42A3-9474-1A3956D46DE8}") = "Solution Items", "Solution Items", "{AB323CE1-23ED-4331-9F95-D5A8A8589CDB}"
	ProjectSection(SolutionItems) = preProject
		Notes.txt = Notes.txt
	EndProjectSection
EndProject
Global
	GlobalSection(SolutionConfigurationPlatforms) = preSolution
		Debug|Any CPU = Debug|Any CPU
		Release|Any CPU = Release|Any CPU
	EndGlobalSection
	GlobalSection(ProjectConfigurationPlatforms) = postSolution
		{673E002C-E3AC-49C5-9D09-2F0BFE762CC3}.Debug|Any CPU.ActiveCfg = Debug|Any CPU
		{673E002C-E3AC-49C5-9D09-2F0BFE762CC3}.Debug|Any CPU.Build.0 = Debug|Any CPU
		{673E002C-E3AC-49C5-9D09-2F0BFE762CC3}.Release|Any CPU.ActiveCfg = Release|Any CPU
		{673E002C-E3AC-49C5-9D09-2F0BFE762CC3}.Release|Any CPU.Build.0 = Release|Any CPU
		{5EFF6060-5EAC-4F95-A354-E8FE180F3255}.Debug|Any CPU.ActiveCfg = Debug|Any CPU
		{5EFF6060-5EAC-4F95-A354-E8FE180F3255}.Debug|Any CPU.Build.0 = Debug|Any CPU
		{5EFF6060-5EAC-4F95-A354-E8FE180F3255}.Release|Any CPU.ActiveCfg = Release|Any CPU
		{5EFF6060-5EAC-4F95-A354-E8FE180F3255}.Release|Any CPU.Build.0 = Release|Any CPU
		{DF74F535-8D38-45F6-BCCC-98955D07F3DD}.Debug|Any CPU.ActiveCfg = Debug|Any CPU
		{DF74F535-8D38-45F6-BCCC-98955D07F3DD}.Debug|Any CPU.Build.0 = Debug|Any CPU
		{DF74F535-8D38-45F6-BCCC-98955D07F3DD}.Release|Any CPU.ActiveCfg = Release|Any CPU
		{DF74F535-8D38-45F6-BCCC-98955D07F3DD}.Release|Any CPU.Build.0 = Release|Any CPU
		{B73CF06A-86DE-4A2F-ABFE-DC3F9F5A95D5}.Debug|Any CPU.ActiveCfg = Debug|Any CPU
		{B73CF06A-86DE-4A2F-ABFE-DC3F9F5A95D5}.Debug|Any CPU.Build.0 = Debug|Any CPU
		{B73CF06A-86DE-4A2F-ABFE-DC3F9F5A95D5}.Release|Any CPU.ActiveCfg = Release|Any CPU
		{B73CF06A-86DE-4A2F-ABFE-DC3F9F5A95D5}.Release|Any CPU.Build.0 = Release|Any CPU
		{6F80BA24-06F8-4738-A9C4-B1E3C85A40CC}.Debug|Any CPU.ActiveCfg = Debug|Any CPU
		{6F80BA24-06F8-4738-A9C4-B1E3C85A40CC}.Debug|Any CPU.Build.0 = Debug|Any CPU
		{6F80BA24-06F8-4738-A9C4-B1E3C85A40CC}.Release|Any CPU.ActiveCfg = Release|Any CPU
		{6F80BA24-06F8-4738-A9C4-B1E3C85A40CC}.Release|Any CPU.Build.0 = Release|Any CPU
		{1436844C-8E6D-413C-9868-A420E94BD868}.Debug|Any CPU.ActiveCfg = Debug|Any CPU
		{1436844C-8E6D-413C-9868-A420E94BD868}.Debug|Any CPU.Build.0 = Debug|Any CPU
		{1436844C-8E6D-413C-9868-A420E94BD868}.Release|Any CPU.ActiveCfg = Release|Any CPU
		{1436844C-8E6D-413C-9868-A420E94BD868}.Release|Any CPU.Build.0 = Release|Any CPU
		{AE1F05CA-78CB-40B7-B964-A8BD4342E707}.Debug|Any CPU.ActiveCfg = Debug|Any CPU
		{AE1F05CA-78CB-40B7-B964-A8BD4342E707}.Debug|Any CPU.Build.0 = Debug|Any CPU
		{AE1F05CA-78CB-40B7-B964-A8BD4342E707}.Release|Any CPU.ActiveCfg = Release|Any CPU
		{AE1F05CA-78CB-40B7-B964-A8BD4342E707}.Release|Any CPU.Build.0 = Release|Any CPU
		{D2DA29D4-AC8A-4D21-BAC5-0AB95891501C}.Debug|Any CPU.ActiveCfg = Debug|Any CPU
		{D2DA29D4-AC8A-4D21-BAC5-0AB95891501C}.Debug|Any CPU.Build.0 = Debug|Any CPU
		{D2DA29D4-AC8A-4D21-BAC5-0AB95891501C}.Release|Any CPU.ActiveCfg = Release|Any CPU
		{D2DA29D4-AC8A-4D21-BAC5-0AB95891501C}.Release|Any CPU.Build.0 = Release|Any CPU
		{D6D744F3-1D26-490E-A070-63C76815486B}.Debug|Any CPU.ActiveCfg = Debug|Any CPU
		{D6D744F3-1D26-490E-A070-63C76815486B}.Debug|Any CPU.Build.0 = Debug|Any CPU
		{D6D744F3-1D26-490E-A070-63C76815486B}.Release|Any CPU.ActiveCfg = Release|Any CPU
		{D6D744F3-1D26-490E-A070-63C76815486B}.Release|Any CPU.Build.0 = Release|Any CPU
		{07D00A79-2ECA-40DE-BEF4-C65E34D5651F}.Debug|Any CPU.ActiveCfg = Debug|Any CPU
		{07D00A79-2ECA-40DE-BEF4-C65E34D5651F}.Debug|Any CPU.Build.0 = Debug|Any CPU
		{07D00A79-2ECA-40DE-BEF4-C65E34D5651F}.Release|Any CPU.ActiveCfg = Release|Any CPU
		{07D00A79-2ECA-40DE-BEF4-C65E34D5651F}.Release|Any CPU.Build.0 = Release|Any CPU
		{06920051-3B65-4976-B32F-498050A0D42D}.Debug|Any CPU.ActiveCfg = Debug|Any CPU
		{06920051-3B65-4976-B32F-498050A0D42D}.Debug|Any CPU.Build.0 = Debug|Any CPU
		{06920051-3B65-4976-B32F-498050A0D42D}.Release|Any CPU.ActiveCfg = Release|Any CPU
		{06920051-3B65-4976-B32F-498050A0D42D}.Release|Any CPU.Build.0 = Release|Any CPU
		{35275836-4631-4703-A6B8-469855AD8D8F}.Debug|Any CPU.ActiveCfg = Debug|Any CPU
		{35275836-4631-4703-A6B8-469855AD8D8F}.Debug|Any CPU.Build.0 = Debug|Any CPU
		{35275836-4631-4703-A6B8-469855AD8D8F}.Release|Any CPU.ActiveCfg = Release|Any CPU
		{35275836-4631-4703-A6B8-469855AD8D8F}.Release|Any CPU.Build.0 = Release|Any CPU
	EndGlobalSection
	GlobalSection(SolutionProperties) = preSolution
		HideSolutionNode = FALSE
	EndGlobalSection
	GlobalSection(NestedProjects) = preSolution
		{673E002C-E3AC-49C5-9D09-2F0BFE762CC3} = {AF8C53F2-B8B4-4B83-9679-0D5198E9A7F4}
		{5EFF6060-5EAC-4F95-A354-E8FE180F3255} = {4ACE7DA1-AB86-4B9D-AA0E-3F6767009D15}
		{DF74F535-8D38-45F6-BCCC-98955D07F3DD} = {0D7EC05A-75A0-4E28-BC27-915C40FA6325}
		{EB0FBBD8-E2C4-48F6-8BFD-3164021F85D8} = {315AE8A4-FA9A-4755-A720-ED1C060CF057}
		{E1D94151-4AF9-4643-9E0B-062CBD678BC0} = {EB0FBBD8-E2C4-48F6-8BFD-3164021F85D8}
		{18EB4065-8F45-4F73-848E-C69040384B9B} = {EB0FBBD8-E2C4-48F6-8BFD-3164021F85D8}
		{258C524E-E4BC-4330-BD80-DF25D417715C} = {EB0FBBD8-E2C4-48F6-8BFD-3164021F85D8}
		{60D3B85E-1305-4F25-8BAC-226EEE339306} = {EB0FBBD8-E2C4-48F6-8BFD-3164021F85D8}
		{B73CF06A-86DE-4A2F-ABFE-DC3F9F5A95D5} = {E1D94151-4AF9-4643-9E0B-062CBD678BC0}
		{6F80BA24-06F8-4738-A9C4-B1E3C85A40CC} = {18EB4065-8F45-4F73-848E-C69040384B9B}
		{1436844C-8E6D-413C-9868-A420E94BD868} = {60D3B85E-1305-4F25-8BAC-226EEE339306}
		{AE1F05CA-78CB-40B7-B964-A8BD4342E707} = {258C524E-E4BC-4330-BD80-DF25D417715C}
		{43574544-3EBD-4E45-810F-C9B2DC145B54} = {EB0FBBD8-E2C4-48F6-8BFD-3164021F85D8}
		{7530C369-2786-4AE7-9343-23AB960E1C8A} = {43574544-3EBD-4E45-810F-C9B2DC145B54}
		{561C0CAD-AA5A-46EC-88C7-AAE67A0F9E01} = {43574544-3EBD-4E45-810F-C9B2DC145B54}
		{B6B33236-3603-4D1F-BCDF-97C3BC403DF1} = {43574544-3EBD-4E45-810F-C9B2DC145B54}
		{D2492633-F769-463F-8C34-4BF736F8696C} = {43574544-3EBD-4E45-810F-C9B2DC145B54}
		{D2DA29D4-AC8A-4D21-BAC5-0AB95891501C} = {7530C369-2786-4AE7-9343-23AB960E1C8A}
		{D6D744F3-1D26-490E-A070-63C76815486B} = {561C0CAD-AA5A-46EC-88C7-AAE67A0F9E01}
		{07D00A79-2ECA-40DE-BEF4-C65E34D5651F} = {D2492633-F769-463F-8C34-4BF736F8696C}
		{06920051-3B65-4976-B32F-498050A0D42D} = {B6B33236-3603-4D1F-BCDF-97C3BC403DF1}
		{35275836-4631-4703-A6B8-469855AD8D8F} = {6D359762-5F00-4349-B7EB-423496095B8B}
	EndGlobalSection
	GlobalSection(ExtensibilityGlobals) = postSolution
		SolutionGuid = {BDF98DD7-AF38-4C55-BB31-6A0CFEBF6738}
	EndGlobalSection
EndGlobal
